<?xml version="1.0" encoding="utf-8"?>
<Project ToolsVersion="4.0" xmlns="http://schemas.microsoft.com/developer/msbuild/2003">
  <ItemGroup>
    <Filter Include="Source Files">
      <UniqueIdentifier>{4FC737F1-C7A5-4376-A066-2A32D752A2FF}</UniqueIdentifier>
      <Extensions>cpp;c;cc;cxx;c++;cppm;ixx;def;odl;idl;hpj;bat;asm;asmx</Extensions>
    </Filter>
    <Filter Include="Header Files">
      <UniqueIdentifier>{93995380-89BD-4b04-88EB-625FBE52EBFB}</UniqueIdentifier>
      <Extensions>h;hh;hpp;hxx;h++;hm;inl;inc;ipp;xsd</Extensions>
    </Filter>
    <Filter Include="Resource Files">
      <UniqueIdentifier>{67DA6AB6-F800-4c08-8B7A-83BB121AAD01}</UniqueIdentifier>
      <Extensions>rc;ico;cur;bmp;dlg;rc2;rct;bin;rgs;gif;jpg;jpeg;jpe;resx;tiff;tif;png;wav;mfcribbon-ms</Extensions>
    </Filter>
  </ItemGroup>
  <ItemGroup>
    <ClCompile Include="monopp\mono_assembly.cpp">
      <Filter>Source Files</Filter>
    </ClCompile>
    <ClCompile Include="monopp\mono_domain.cpp">
      <Filter>Source Files</Filter>
    </ClCompile>
    <ClCompile Include="monopp\mono_exception.cpp">
      <Filter>Source Files</Filter>
    </ClCompile>
    <ClCompile Include="monopp\mono_field.cpp">
      <Filter>Source Files</Filter>
    </ClCompile>
    <ClCompile Include="monopp\mono_gc_handle.cpp">
      <Filter>Source Files</Filter>
    </ClCompile>
    <ClCompile Include="monopp\mono_jit.cpp">
      <Filter>Source Files</Filter>
    </ClCompile>
    <ClCompile Include="monopp\mono_logger.cpp">
      <Filter>Source Files</Filter>
    </ClCompile>
    <ClCompile Include="monopp\mono_method.cpp">
      <Filter>Source Files</Filter>
    </ClCompile>
    <ClCompile Include="monopp\mono_object.cpp">
      <Filter>Source Files</Filter>
    </ClCompile>
    <ClCompile Include="monopp\mono_property.cpp">
      <Filter>Source Files</Filter>
    </ClCompile>
    <ClCompile Include="monopp\mono_string.cpp">
      <Filter>Source Files</Filter>
    </ClCompile>
    <ClCompile Include="monopp\mono_type.cpp">
      <Filter>Source Files</Filter>
    </ClCompile>
  </ItemGroup>
  <ItemGroup>
    <ClInclude Include="monopp\mono_assembly.h">
      <Filter>Header Files</Filter>
    </ClInclude>
    <ClInclude Include="monopp\mono_build_config.h">
      <Filter>Header Files</Filter>
    </ClInclude>
    <ClInclude Include="monopp\mono_config.h">
      <Filter>Header Files</Filter>
    </ClInclude>
    <ClInclude Include="monopp\mono_domain.h">
      <Filter>Header Files</Filter>
    </ClInclude>
    <ClInclude Include="monopp\mono_exception.h">
      <Filter>Header Files</Filter>
    </ClInclude>
    <ClInclude Include="monopp\mono_field.h">
      <Filter>Header Files</Filter>
    </ClInclude>
    <ClInclude Include="monopp\mono_field_invoker.h">
      <Filter>Header Files</Filter>
    </ClInclude>
    <ClInclude Include="monopp\mono_gc_handle.h">
      <Filter>Header Files</Filter>
    </ClInclude>
    <ClInclude Include="monopp\mono_internal_call.h">
      <Filter>Header Files</Filter>
    </ClInclude>
    <ClInclude Include="monopp\mono_jit.h">
      <Filter>Header Files</Filter>
    </ClInclude>
    <ClInclude Include="monopp\mono_logger.h">
      <Filter>Header Files</Filter>
    </ClInclude>
    <ClInclude Include="monopp\mono_method.h">
      <Filter>Header Files</Filter>
    </ClInclude>
    <ClInclude Include="monopp\mono_method_invoker.h">
      <Filter>Header Files</Filter>
    </ClInclude>
    <ClInclude Include="monopp\mono_object.h">
      <Filter>Header Files</Filter>
    </ClInclude>
    <ClInclude Include="monopp\mono_property.h">
      <Filter>Header Files</Filter>
    </ClInclude>
    <ClInclude Include="monopp\mono_property_invoker.h">
      <Filter>Header Files</Filter>
    </ClInclude>
    <ClInclude Include="monopp\mono_string.h">
      <Filter>Header Files</Filter>
    </ClInclude>
    <ClInclude Include="monopp\mono_type.h">
      <Filter>Header Files</Filter>
    </ClInclude>
    <ClInclude Include="monopp\mono_type_conversion.h">
      <Filter>Header Files</Filter>
    </ClInclude>
    <ClInclude Include="monopp\mono_type_traits.h">
      <Filter>Header Files</Filter>
    </ClInclude>
    <ClInclude Include="monopp\mono_visibility.h">
      <Filter>Header Files</Filter>
    </ClInclude>
  </ItemGroup>
</Project>