<?xml version="1.0" encoding="utf-8"?>
<Project ToolsVersion="4.0" xmlns="http://schemas.microsoft.com/developer/msbuild/2003">
  <ItemGroup>
    <Filter Include="Source Files">
      <UniqueIdentifier>{4FC737F1-C7A5-4376-A066-2A32D752A2FF}</UniqueIdentifier>
      <Extensions>cpp;c;cc;cxx;c++;cppm;ixx;def;odl;idl;hpj;bat;asm;asmx</Extensions>
    </Filter>
    <Filter Include="Header Files">
      <UniqueIdentifier>{93995380-89BD-4b04-88EB-625FBE52EBFB}</UniqueIdentifier>
      <Extensions>h;hh;hpp;hxx;h++;hm;inl;inc;ipp;xsd</Extensions>
    </Filter>
    <Filter Include="Resource Files">
      <UniqueIdentifier>{67DA6AB6-F800-4c08-8B7A-83BB121AAD01}</UniqueIdentifier>
      <Extensions>rc;ico;cur;bmp;dlg;rc2;rct;bin;rgs;gif;jpg;jpeg;jpe;resx;tiff;tif;png;wav;mfcribbon-ms</Extensions>
    </Filter>
    <Filter Include="Delegates">
      <UniqueIdentifier>{767523e3-73de-41f0-9a6c-62b4e766bb42}</UniqueIdentifier>
    </Filter>
    <Filter Include="Components">
      <UniqueIdentifier>{dd8270f7-4605-4ae5-bbdf-aaa5e18a7126}</UniqueIdentifier>
    </Filter>
    <Filter Include="TinyObjLoader">
      <UniqueIdentifier>{9fe37768-0dcc-49ec-8ea6-22aa527d5cb6}</UniqueIdentifier>
    </Filter>
    <Filter Include="Assets">
      <UniqueIdentifier>{e414bae3-5c22-46b8-a676-1a89d0e3c02b}</UniqueIdentifier>
    </Filter>
    <Filter Include="Json">
      <UniqueIdentifier>{af512a77-c7a2-4d99-9c44-3daf0f5434d2}</UniqueIdentifier>
    </Filter>
    <Filter Include="bridge">
      <UniqueIdentifier>{f39e6195-6222-416e-8a64-c7328e35e3c3}</UniqueIdentifier>
    </Filter>
  </ItemGroup>
  <ItemGroup>
    <ClCompile Include="Delegates.cpp">
      <Filter>Delegates</Filter>
    </ClCompile>
    <ClCompile Include="Forms.cpp">
      <Filter>Header Files</Filter>
    </ClCompile>
    <ClCompile Include="FPSCounter.cpp">
      <Filter>Header Files</Filter>
    </ClCompile>
    <ClCompile Include="Game.cpp">
      <Filter>Header Files</Filter>
    </ClCompile>
    <ClCompile Include="HotKeys.cpp">
      <Filter>Header Files</Filter>
    </ClCompile>
    <ClCompile Include="InputDevice.cpp">
      <Filter>Header Files</Filter>
    </ClCompile>
    <ClCompile Include="LineMath.cpp">
      <Filter>Header Files</Filter>
    </ClCompile>
    <ClCompile Include="Material.cpp">
      <Filter>Header Files</Filter>
    </ClCompile>
    <ClCompile Include="Mesh.cpp">
      <Filter>Header Files</Filter>
    </ClCompile>
    <ClCompile Include="Shader.cpp">
      <Filter>Header Files</Filter>
    </ClCompile>
    <ClCompile Include="Window.cpp">
      <Filter>Header Files</Filter>
    </ClCompile>
    <ClCompile Include="Component.cpp">
      <Filter>Components</Filter>
    </ClCompile>
    <ClCompile Include="FlyingCamera.cpp">
      <Filter>Components</Filter>
    </ClCompile>
    <ClCompile Include="GameController.cpp">
      <Filter>Components</Filter>
    </ClCompile>
    <ClCompile Include="GameObject.cpp">
      <Filter>Components</Filter>
    </ClCompile>
    <ClCompile Include="GameObjectBase.cpp">
      <Filter>Components</Filter>
    </ClCompile>
    <ClCompile Include="LinedPlain.cpp">
      <Filter>Components</Filter>
    </ClCompile>
    <ClCompile Include="MoveController.cpp">
      <Filter>Components</Filter>
    </ClCompile>
    <ClCompile Include="Transform.cpp">
      <Filter>Components</Filter>
    </ClCompile>
    <ClCompile Include="TransformTest.cpp">
      <Filter>Components</Filter>
    </ClCompile>
    <ClCompile Include="MeshAsset.cpp">
      <Filter>Assets</Filter>
    </ClCompile>
    <ClCompile Include="ImageAsset.cpp">
      <Filter>Assets</Filter>
    </ClCompile>
    <ClCompile Include="FileSystem.cpp">
      <Filter>Header Files</Filter>
    </ClCompile>
    <ClCompile Include="Player.cpp">
      <Filter>Components</Filter>
    </ClCompile>
    <ClCompile Include="PlayerController.cpp">
      <Filter>Components</Filter>
    </ClCompile>
    <ClCompile Include="PlayerCamera.cpp">
      <Filter>Components</Filter>
    </ClCompile>
    <ClCompile Include="Attachable.cpp">
      <Filter>Components</Filter>
    </ClCompile>
    <ClCompile Include="Collider.cpp">
      <Filter>Components</Filter>
    </ClCompile>
    <ClCompile Include="AxisDrawer.cpp">
      <Filter>Components</Filter>
    </ClCompile>
    <ClCompile Include="AxisDrawer.h">
      <Filter>Components</Filter>
    </ClCompile>
    <ClCompile Include="SimpleMath.cpp">
      <Filter>Header Files</Filter>
    </ClCompile>
    <ClCompile Include="MeshComponent.cpp">
      <Filter>Components</Filter>
    </ClCompile>
    <ClCompile Include="CameraComponent.cpp">
      <Filter>Components</Filter>
    </ClCompile>
    <ClCompile Include="ImageComponent.cpp">
      <Filter>Components</Filter>
    </ClCompile>
    <ClCompile Include="ShadowMapRender.cpp">
      <Filter>Header Files</Filter>
    </ClCompile>
    <ClCompile Include="DirectionLight.cpp">
      <Filter>Components</Filter>
    </ClCompile>
    <ClCompile Include="Render.cpp">
      <Filter>Header Files</Filter>
    </ClCompile>
    <ClCompile Include="Lighting.cpp">
      <Filter>Header Files</Filter>
    </ClCompile>
    <ClCompile Include="RenderDevice.cpp">
      <Filter>Header Files</Filter>
    </ClCompile>
    <ClCompile Include="RenderTarget.cpp">
      <Filter>Header Files</Filter>
    </ClCompile>
    <ClCompile Include="ShaderAsset.cpp">
      <Filter>Header Files</Filter>
    </ClCompile>
    <ClCompile Include="ClassInfo.cpp">
      <Filter>bridge</Filter>
    </ClCompile>
    <ClCompile Include="CppClass.cpp">
      <Filter>bridge</Filter>
    </ClCompile>
    <ClCompile Include="CSBridge.cpp">
      <Filter>bridge</Filter>
    </ClCompile>
    <ClCompile Include="CSLinked.cpp">
      <Filter>bridge</Filter>
    </ClCompile>
    <ClCompile Include="MonoInst.cpp">
      <Filter>bridge</Filter>
    </ClCompile>
    <ClCompile Include="main.cpp">
      <Filter>Header Files</Filter>
    </ClCompile>
    <ClCompile Include="Bridge.cpp">
      <Filter>bridge</Filter>
    </ClCompile>
    <ClCompile Include="Refs.cpp">
      <Filter>bridge</Filter>
    </ClCompile>
    <ClCompile Include="CSComponent.cpp">
      <Filter>Header Files</Filter>
    </ClCompile>
    <ClCompile Include="DynamicMeshComponent.cpp">
      <Filter>Header Files</Filter>
    </ClCompile>
    <ClCompile Include="CS.cpp">
      <Filter>bridge</Filter>
    </ClCompile>
  </ItemGroup>
  <ItemGroup>
    <ClInclude Include="FPSCounter.h">
      <Filter>Header Files</Filter>
    </ClInclude>
    <ClInclude Include="Game.h">
      <Filter>Header Files</Filter>
    </ClInclude>
    <ClInclude Include="IApp.h">
      <Filter>Header Files</Filter>
    </ClInclude>
    <ClInclude Include="InputDevice.h">
      <Filter>Header Files</Filter>
    </ClInclude>
    <ClInclude Include="IWin32InputHandler.h">
      <Filter>Header Files</Filter>
    </ClInclude>
    <ClInclude Include="IWindow.h">
      <Filter>Header Files</Filter>
    </ClInclude>
    <ClInclude Include="Keys.h">
      <Filter>Header Files</Filter>
    </ClInclude>
    <ClInclude Include="Material.h">
      <Filter>Header Files</Filter>
    </ClInclude>
    <ClInclude Include="Mesh.h">
      <Filter>Header Files</Filter>
    </ClInclude>
    <ClInclude Include="Shader.h">
      <Filter>Header Files</Filter>
    </ClInclude>
    <ClInclude Include="Window.h">
      <Filter>Header Files</Filter>
    </ClInclude>
    <ClInclude Include="wrl.h_d3d11_alias.h">
      <Filter>Header Files</Filter>
    </ClInclude>
    <ClInclude Include="Delegates.h">
      <Filter>Delegates</Filter>
    </ClInclude>
    <ClInclude Include="Random.h">
      <Filter>Header Files</Filter>
    </ClInclude>
    <ClInclude Include="HotKeys.h">
      <Filter>Header Files</Filter>
    </ClInclude>
    <ClInclude Include="LineMath.h">
      <Filter>Header Files</Filter>
    </ClInclude>
    <ClInclude Include="Math.h">
      <Filter>Header Files</Filter>
    </ClInclude>
    <ClInclude Include="Easing.h">
      <Filter>Header Files</Filter>
    </ClInclude>
    <ClInclude Include="Forms.h">
      <Filter>Header Files</Filter>
    </ClInclude>
    <ClInclude Include="tiny_obj_loader.h">
      <Filter>TinyObjLoader</Filter>
    </ClInclude>
    <ClInclude Include="Component.inl">
      <Filter>Components</Filter>
    </ClInclude>
    <ClInclude Include="FlyingCamera.h">
      <Filter>Components</Filter>
    </ClInclude>
    <ClInclude Include="GameController.h">
      <Filter>Components</Filter>
    </ClInclude>
    <ClInclude Include="LinedPlain.h">
      <Filter>Components</Filter>
    </ClInclude>
    <ClInclude Include="MoveController.h">
      <Filter>Components</Filter>
    </ClInclude>
    <ClInclude Include="RotatorComponent.h">
      <Filter>Components</Filter>
    </ClInclude>
    <ClInclude Include="ScalerComponent.h">
      <Filter>Components</Filter>
    </ClInclude>
    <ClInclude Include="Transform.h">
      <Filter>Components</Filter>
    </ClInclude>
    <ClInclude Include="TransformTest.h">
      <Filter>Components</Filter>
    </ClInclude>
    <ClInclude Include="MeshAsset.h">
      <Filter>Assets</Filter>
    </ClInclude>
    <ClInclude Include="ImageAsset.h">
      <Filter>Assets</Filter>
    </ClInclude>
    <ClInclude Include="FileSystem.h">
      <Filter>Header Files</Filter>
    </ClInclude>
    <ClInclude Include="SimpleMath.h">
      <Filter>Header Files</Filter>
    </ClInclude>
    <ClInclude Include="Player.h">
      <Filter>Components</Filter>
    </ClInclude>
    <ClInclude Include="PlayerController.h">
      <Filter>Components</Filter>
    </ClInclude>
    <ClInclude Include="PlayerCamera.h">
      <Filter>Components</Filter>
    </ClInclude>
    <ClInclude Include="Attachable.h">
      <Filter>Components</Filter>
    </ClInclude>
    <ClInclude Include="Collider.h">
      <Filter>Components</Filter>
    </ClInclude>
    <ClInclude Include="json.hpp">
      <Filter>Json</Filter>
    </ClInclude>
    <ClInclude Include="MeshComponent.h">
      <Filter>Components</Filter>
    </ClInclude>
    <ClInclude Include="DirectionLight.h">
      <Filter>Components</Filter>
    </ClInclude>
    <ClInclude Include="CameraComponent.h">
      <Filter>Components</Filter>
    </ClInclude>
    <ClInclude Include="LineComponent.h">
      <Filter>Components</Filter>
    </ClInclude>
    <ClInclude Include="ImageComponent.h">
      <Filter>Components</Filter>
    </ClInclude>
    <ClInclude Include="ShadowMapRender.h">
      <Filter>Header Files</Filter>
    </ClInclude>
    <ClInclude Include="TestComponent.h">
      <Filter>Components</Filter>
    </ClInclude>
    <ClInclude Include="Render.h">
      <Filter>Header Files</Filter>
    </ClInclude>
    <ClInclude Include="Lighting.h">
      <Filter>Header Files</Filter>
    </ClInclude>
    <ClInclude Include="RenderDevice.h">
      <Filter>Header Files</Filter>
    </ClInclude>
    <ClInclude Include="RenderTarget.h">
      <Filter>Header Files</Filter>
    </ClInclude>
    <ClInclude Include="ShaderAsset.h">
      <Filter>Header Files</Filter>
    </ClInclude>
    <ClInclude Include="ClassInfo.h">
      <Filter>bridge</Filter>
    </ClInclude>
    <ClInclude Include="CppClass.h">
      <Filter>bridge</Filter>
    </ClInclude>
    <ClInclude Include="CSBridge.h">
      <Filter>bridge</Filter>
    </ClInclude>
    <ClInclude Include="CSLinked.h">
      <Filter>bridge</Filter>
    </ClInclude>
    <ClInclude Include="MonoInst.h">
      <Filter>bridge</Filter>
    </ClInclude>
    <ClInclude Include="Bridge.h">
      <Filter>bridge</Filter>
    </ClInclude>
    <ClInclude Include="Refs.h">
      <Filter>bridge</Filter>
    </ClInclude>
    <ClInclude Include="CSComponent.h">
      <Filter>Header Files</Filter>
    </ClInclude>
    <ClInclude Include="CsLink.h">
      <Filter>Header Files</Filter>
    </ClInclude>
    <ClInclude Include="DynamicMeshComponent.h">
      <Filter>Header Files</Filter>
    </ClInclude>
    <ClInclude Include="CS.h">
      <Filter>bridge</Filter>
    </ClInclude>
    <ClInclude Include="ComponentMeta.h">
      <Filter>Components</Filter>
    </ClInclude>
  </ItemGroup>
  <ItemGroup>
    <Natvis Include="Delegates.natvis">
      <Filter>Delegates</Filter>
    </Natvis>
  </ItemGroup>
  <ItemGroup>
    <None Include="GameObject.h">
      <Filter>Components</Filter>
    </None>
    <None Include="GameObject.inl">
      <Filter>Components</Filter>
    </None>
    <None Include="GameObjectBase.h">
      <Filter>Components</Filter>
    </None>
    <None Include="GameObjectBase.inl">
      <Filter>Components</Filter>
    </None>
    <None Include="Refs.inl">
      <Filter>bridge</Filter>
    </None>
    <None Include="GameObjectConcepts.h">
      <Filter>Components</Filter>
    </None>
  </ItemGroup>
</Project>